# rcp-reference-lock: rcp-reference-lock/1
# family: qwen3-embedding
# image: vllm/vllm-openai:v0.31.0
# image-freeze-sha256: e2453f9246cc73a264ca5f5d0360c33a7eb4b8eadffd03ba1c1e94bc965cdc01
# reference-in-sha256: 1fd4bf6a088ea1cfcd8fd361af89e00a2fc670c142ae81c552f8f70fc14d4f57
# own-torch: false
# image-constraint: torch==2.13.0+cu130 (family floor: torch>=2.0)
#
# The pins below install into the family's reference venv with `pip install --no-deps --no-index --find-links <wheelhouse> -r <this file>`; the image's torch/CUDA stack is read through --system-site-packages and never replaced.
transformers==5.19.0 \
    --hash=sha256:87f38dd25e4521151b97e94520ac457f44a0ae8a8358a5b112daff6c64a822d6 \
    --hash=sha256:afcd2dd5f603ed28c1e1fcb00a338ccbb4ef5f878ed289635df8b58187afb518
