# rcp-reference-lock: rcp-reference-lock/1
# family: ctxl-rerank-v2-instruct-multilingual
# image: vllm/vllm-openai:v0.31.0
# image-freeze-sha256: e2453f9246cc73a264ca5f5d0360c33a7eb4b8eadffd03ba1c1e94bc965cdc01
# reference-in-sha256: dd6dc789a307139979a89d275bc11ddd51ee42702146b2dcaec997850c6d0fc4
# own-torch: true
# own-torch-evidence: torch 2.9.1 is the only torch with an official Dao-AILab flash-attn 2.8.3 prebuilt wheel for cp312 + cu12, and this reference needs flash-attn (reference.py imports it); experiments/paper/rerankers/reference/requirements.txt pins the same pair
#
# The pins below install into the family's reference venv with `pip install --no-deps --no-index --find-links <wheelhouse> -r <this file>`; the image's torch/CUDA stack is read through --system-site-packages and never replaced.
accelerate==1.15.0 \
    --hash=sha256:5654f8c5eaa0d4fa68b33e287a97765da6849bf6d51dcac874e73fbbddfb6134 \
    --hash=sha256:97eacca0b73e45cb867dbf8c5d5d4dc32219544300e0c8992c7334dc2ef33cec
flash-attn==2.8.3 \
    --hash=sha256:1e71dd64a9e0280e0447b8a0c2541bad4bf6ac65bdeaa2f90e51a9e57de0370d
torch==2.9.1 \
    --hash=sha256:07c8a9660bc9414c39cac530ac83b1fb1b679d7155824144a40a54f4a47bfa73 \
    --hash=sha256:0a2bd769944991c74acf0c4ef23603b9c777fdf7637f115605a4b2d8023110c7 \
    --hash=sha256:0d06b30a9207b7c3516a9e0102114024755a07045f0c1d2f2a56b1819ac06bcb \
    --hash=sha256:19d144d6b3e29921f1fc70503e9f2fc572cde6a5115c0c0de2f7ca8b1483e8b6 \
    --hash=sha256:1cc208435f6c379f9b8fdfd5ceb5be1e3b72a6bdf1cb46c0d2812aa73472db9e \
    --hash=sha256:1edee27a7c9897f4e0b7c14cfc2f3008c571921134522d5b9b5ec4ebbc69041a \
    --hash=sha256:27331cd902fb4322252657f3902adf1c4f6acad9dcad81d8df3ae14c7c4f07c4 \
    --hash=sha256:2af70e3be4a13becba4655d6cc07dcfec7ae844db6ac38d6c1dafeb245d17d65 \
    --hash=sha256:2c14b3da5df416cf9cb5efab83aa3056f5b8cd8620b8fde81b4987ecab730587 \
    --hash=sha256:2e1c42c0ae92bf803a4b2409fdfed85e30f9027a66887f5e7dcdbc014c7531db \
    --hash=sha256:30a3e170a84894f3652434b56d59a64a2c11366b0ed5776fab33c2439396bf9a \
    --hash=sha256:52347912d868653e1528b47cafaf79b285b98be3f4f35d5955389b1b95224475 \
    --hash=sha256:524de44cd13931208ba2c4bde9ec7741fd4ae6bfd06409a604fc32f6520c2bc9 \
    --hash=sha256:545844cc16b3f91e08ce3b40e9c2d77012dd33a48d505aed34b7740ed627a1b2 \
    --hash=sha256:5be4bf7496f1e3ffb1dd44b672adb1ac3f081f204c5ca81eba6442f5f634df8e \
    --hash=sha256:62b3fd888277946918cba4478cf849303da5359f0fb4e3bfb86b0533ba2eaf8d \
    --hash=sha256:81a285002d7b8cfd3fdf1b98aa8df138d41f1a8334fd9ea37511517cedf43083 \
    --hash=sha256:8301a7b431e51764629208d0edaa4f9e4c33e6df0f2f90b90e261d623df6a4e2 \
    --hash=sha256:9fd35c68b3679378c11f5eb73220fdcb4e6f4592295277fbb657d31fd053237c \
    --hash=sha256:a83b0e84cc375e3318a808d032510dde99d696a85fe9473fc8575612b63ae951 \
    --hash=sha256:c0d25d1d8e531b8343bea0ed811d5d528958f1dcbd37e7245bc686273177ad7e \
    --hash=sha256:c29455d2b910b98738131990394da3e50eea8291dfeb4b12de71ecf1fdeb21cb \
    --hash=sha256:c432d04376f6d9767a9852ea0def7b47a7bbc8e7af3b16ac9cf9ce02b12851c9 \
    --hash=sha256:c88d3299ddeb2b35dcc31753305612db485ab6f1823e37fb29451c8b2732b87e \
    --hash=sha256:cb10896a1f7fedaddbccc2017ce6ca9ecaaf990f0973bdfcf405439750118d2c \
    --hash=sha256:d033ff0ac3f5400df862a51bdde9bad83561f3739ea0046e68f5401ebfa67c1b \
    --hash=sha256:d187566a2cdc726fc80138c3cdb260970fab1c27e99f85452721f7759bbd554d \
    --hash=sha256:da5f6f4d7f4940a173e5572791af238cb0b9e21b1aab592bd8b26da4c99f1cd6
transformers==4.57.6 \
    --hash=sha256:4c9e9de11333ddfe5114bc872c9f370509198acf0b87a832a0ab9458e2bd0550 \
    --hash=sha256:55e44126ece9dc0a291521b7e5492b572e6ef2766338a610b9ab5afbb70689d3
