# rcp-reference-lock: rcp-reference-lock/1
# family: ctxl-rerank-v2-instruct-multilingual
# image: vllm/vllm-openai:v0.31.0
# image-freeze-sha256: e2453f9246cc73a264ca5f5d0360c33a7eb4b8eadffd03ba1c1e94bc965cdc01
# reference-in-sha256: 6e5b139a7915e3cf6e2ca27ca15eec0b83a5da4cc7d0f63a0905094217dc9e09
# own-torch: false
# image-constraint: torch==2.13.0+cu130 (family floor: torch>=2.0)
#
# The pins below install into the family's reference venv with `pip install --no-deps --no-index --find-links <wheelhouse> -r <this file>`; the image's torch/CUDA stack is read through --system-site-packages and never replaced.
accelerate==1.15.0 \
    --hash=sha256:5654f8c5eaa0d4fa68b33e287a97765da6849bf6d51dcac874e73fbbddfb6134 \
    --hash=sha256:97eacca0b73e45cb867dbf8c5d5d4dc32219544300e0c8992c7334dc2ef33cec
huggingface-hub==0.36.2 \
    --hash=sha256:1934304d2fb224f8afa3b87007d58501acfda9215b334eed53072dd5e815ff7a \
    --hash=sha256:48f0c8eac16145dfce371e9d2d7772854a4f591bcb56c9cf548accf531d54270
transformers==4.57.6 \
    --hash=sha256:4c9e9de11333ddfe5114bc872c9f370509198acf0b87a832a0ab9458e2bd0550 \
    --hash=sha256:55e44126ece9dc0a291521b7e5492b572e6ef2766338a610b9ab5afbb70689d3
