# rcp-reference-lock: rcp-reference-lock/1
# family: qwen3-reranker
# image: vllm/vllm-openai:v0.31.0
# image-freeze-sha256: e2453f9246cc73a264ca5f5d0360c33a7eb4b8eadffd03ba1c1e94bc965cdc01
# reference-in-sha256: 8af470999f6a6178b9bb45b3e3a1ccff8066dfa64bf6f4b127ec4c9e0060d178
# own-torch: true
# own-torch-evidence: torch 2.9.1 is the only torch with an official Dao-AILab flash-attn 2.8.3 prebuilt wheel for cp312 + cu12, and this reference needs flash-attn (reference.py imports it); experiments/paper/rerankers/reference/requirements.txt pins the same pair
#
# The pins below install into the family's reference venv with `pip install --no-deps --no-index --find-links <wheelhouse> -r <this file>`; the image's torch/CUDA stack is read through --system-site-packages and never replaced.
accelerate==1.15.0 \
    --hash=sha256:5654f8c5eaa0d4fa68b33e287a97765da6849bf6d51dcac874e73fbbddfb6134 \
    --hash=sha256:97eacca0b73e45cb867dbf8c5d5d4dc32219544300e0c8992c7334dc2ef33cec
flash-attn==2.8.3 \
    --hash=sha256:1e71dd64a9e0280e0447b8a0c2541bad4bf6ac65bdeaa2f90e51a9e57de0370d
huggingface-hub==2.2.0 \
    --hash=sha256:1667f145dc56dc210d60966069397df9ecfca9607a5d43db88b308c89dae56b3 \
    --hash=sha256:5d1b47537394e4215cb858aa12fd493d0f7ef7f58990f5dcd24bc173107b2871
tokenizers==0.23.3 \
    --hash=sha256:114e2b55ed177179d59f4ab98200a4471e11e78f9e4b5a922d146740f96fcf52 \
    --hash=sha256:1554a6eed34d9d6a78d23360f4e06df8dffab1ae08c7e8488e0b3e3b36cc266f \
    --hash=sha256:1ebf28794e7e4954e20a7f70fbea410b2d1f0418f7dbbca97ca384fcfef38c25 \
    --hash=sha256:1f0823bb00c5fdc98e487354d54dd55a03848d61a1a0bf29a68c77f24f3b26c3 \
    --hash=sha256:2a89614730d7b80940a5d2ed9320e1ec8add5a745c6151d8d05071b7215505b6 \
    --hash=sha256:376851d22bcf9d650a5c3090bb83e6cf9e895fbf0595369fa4cd43c1f69b5f87 \
    --hash=sha256:5cc24bb457dd4a8af89c8fcb40074d570129ec473df2a866c276ee55db4749d7 \
    --hash=sha256:68649e97d5b43c44c031d8d848874a6eecae8f8fe40ea989aa777a5a83aca716 \
    --hash=sha256:7e48734d2de9260d86f03ab056d2cfeeff3869f61dbd49aaa15a2793b5f3458b \
    --hash=sha256:82eb480f6f1c21cea3349dec32cf1a6384c6c1e775f00f83b0d51197bc013687 \
    --hash=sha256:84513ef0aeb8bf8f4ea11a2e8a7ac163ec5288aa115e649a59b470ac5c3107df \
    --hash=sha256:9d2b5c97daf61688c2ad1803ca851800feaba50fb68d5821779e9ea5880d968c \
    --hash=sha256:a4fbb3662f9f59d199d61338e54b4bcc11d07ebbb1aeb3540dacb2be9c521cb7 \
    --hash=sha256:acd5c57b4bd3e56e246e2731a3a3a6825a7a7d89b7e3b761ba80bc521710f04b \
    --hash=sha256:bf501c40b72d2d5c8623620210430e9cac1ce47a46e45b34107b70a1557d46b0 \
    --hash=sha256:c64a0713180ff16829d4e7f39a658b77ea11443af4e1aa46523692943c9b1414 \
    --hash=sha256:cded33237c77caeef62944d32aa9a7ef42bdce2b3497e18d137e072a8c4be438 \
    --hash=sha256:d3407fb7b9c4d75dd68850ffd7180bc0a5d2dbaf0762d888e612f31fec3f9c6b \
    --hash=sha256:ddedfd4b3b4be6be24ff6ca645c4a37fddfd305f6f3e354c54cf10b715c48215 \
    --hash=sha256:de536665495cb4b409d25bade41963f801aff4225c19a6b804b048f7d14e34c7 \
    --hash=sha256:e05ab7baf7f47b406a95fea6f3b0a484b2ddcd9e1d14b68844c457eb755085a3 \
    --hash=sha256:e88646b8580c5ad7f4361477f1298e9cc01771a1ee9aecfe32c47b8ff614cc38 \
    --hash=sha256:ec82e80e65a862275b97c3d90b7a523df8d9519ee48aeb4e9625b2cc909274e0 \
    --hash=sha256:efa3d7318406b4d115dce61ad5061953f1f44b128e79c020ce4615d763e23b6e
torch==2.9.1 \
    --hash=sha256:07c8a9660bc9414c39cac530ac83b1fb1b679d7155824144a40a54f4a47bfa73 \
    --hash=sha256:0a2bd769944991c74acf0c4ef23603b9c777fdf7637f115605a4b2d8023110c7 \
    --hash=sha256:0d06b30a9207b7c3516a9e0102114024755a07045f0c1d2f2a56b1819ac06bcb \
    --hash=sha256:19d144d6b3e29921f1fc70503e9f2fc572cde6a5115c0c0de2f7ca8b1483e8b6 \
    --hash=sha256:1cc208435f6c379f9b8fdfd5ceb5be1e3b72a6bdf1cb46c0d2812aa73472db9e \
    --hash=sha256:1edee27a7c9897f4e0b7c14cfc2f3008c571921134522d5b9b5ec4ebbc69041a \
    --hash=sha256:27331cd902fb4322252657f3902adf1c4f6acad9dcad81d8df3ae14c7c4f07c4 \
    --hash=sha256:2af70e3be4a13becba4655d6cc07dcfec7ae844db6ac38d6c1dafeb245d17d65 \
    --hash=sha256:2c14b3da5df416cf9cb5efab83aa3056f5b8cd8620b8fde81b4987ecab730587 \
    --hash=sha256:2e1c42c0ae92bf803a4b2409fdfed85e30f9027a66887f5e7dcdbc014c7531db \
    --hash=sha256:30a3e170a84894f3652434b56d59a64a2c11366b0ed5776fab33c2439396bf9a \
    --hash=sha256:52347912d868653e1528b47cafaf79b285b98be3f4f35d5955389b1b95224475 \
    --hash=sha256:524de44cd13931208ba2c4bde9ec7741fd4ae6bfd06409a604fc32f6520c2bc9 \
    --hash=sha256:545844cc16b3f91e08ce3b40e9c2d77012dd33a48d505aed34b7740ed627a1b2 \
    --hash=sha256:5be4bf7496f1e3ffb1dd44b672adb1ac3f081f204c5ca81eba6442f5f634df8e \
    --hash=sha256:62b3fd888277946918cba4478cf849303da5359f0fb4e3bfb86b0533ba2eaf8d \
    --hash=sha256:81a285002d7b8cfd3fdf1b98aa8df138d41f1a8334fd9ea37511517cedf43083 \
    --hash=sha256:8301a7b431e51764629208d0edaa4f9e4c33e6df0f2f90b90e261d623df6a4e2 \
    --hash=sha256:9fd35c68b3679378c11f5eb73220fdcb4e6f4592295277fbb657d31fd053237c \
    --hash=sha256:a83b0e84cc375e3318a808d032510dde99d696a85fe9473fc8575612b63ae951 \
    --hash=sha256:c0d25d1d8e531b8343bea0ed811d5d528958f1dcbd37e7245bc686273177ad7e \
    --hash=sha256:c29455d2b910b98738131990394da3e50eea8291dfeb4b12de71ecf1fdeb21cb \
    --hash=sha256:c432d04376f6d9767a9852ea0def7b47a7bbc8e7af3b16ac9cf9ce02b12851c9 \
    --hash=sha256:c88d3299ddeb2b35dcc31753305612db485ab6f1823e37fb29451c8b2732b87e \
    --hash=sha256:cb10896a1f7fedaddbccc2017ce6ca9ecaaf990f0973bdfcf405439750118d2c \
    --hash=sha256:d033ff0ac3f5400df862a51bdde9bad83561f3739ea0046e68f5401ebfa67c1b \
    --hash=sha256:d187566a2cdc726fc80138c3cdb260970fab1c27e99f85452721f7759bbd554d \
    --hash=sha256:da5f6f4d7f4940a173e5572791af238cb0b9e21b1aab592bd8b26da4c99f1cd6
transformers==4.57.6 \
    --hash=sha256:4c9e9de11333ddfe5114bc872c9f370509198acf0b87a832a0ab9458e2bd0550 \
    --hash=sha256:55e44126ece9dc0a291521b7e5492b572e6ef2766338a610b9ab5afbb70689d3
