# rcp-reference-lock: rcp-reference-lock/1
# family: zerank
# image: vllm/vllm-openai:v0.31.0
# image-freeze-sha256: e2453f9246cc73a264ca5f5d0360c33a7eb4b8eadffd03ba1c1e94bc965cdc01
# reference-in-sha256: b512ed70516a2788b0c51896ccfbb4ae2f58954e97e928a01bb17953d31ab266
# own-torch: false
# image-constraint: torch==2.13.0+cu130 (family floor: torch>=2.9)
#
# The pins below install into the family's reference venv with `pip install --no-deps --no-index --find-links <wheelhouse> -r <this file>`; the image's torch/CUDA stack is read through --system-site-packages and never replaced.
huggingface-hub==0.36.2 \
    --hash=sha256:1934304d2fb224f8afa3b87007d58501acfda9215b334eed53072dd5e815ff7a \
    --hash=sha256:48f0c8eac16145dfce371e9d2d7772854a4f591bcb56c9cf548accf531d54270
scipy==1.18.1 \
    --hash=sha256:011413b7426b75012840e35649e00fe0a2c3bae89fed433876e3a99251572efc \
    --hash=sha256:0ac49ea97594532dd44b7136094d35f5440fa06e6d9c6384a74c01764df388c5 \
    --hash=sha256:0e82073ecc7acc6436fac4b31674109c7e1d3e596789767eda01258a8c9e8123 \
    --hash=sha256:0fcb3c93519f27bb4f0c4b0f7802cdcaca7fcf93267b75edda2e9f4e8a55cbd7 \
    --hash=sha256:10ac20c69d880f77f375db44c22e3e6a644f9fefa291d4cd2fb9790a89fc99fd \
    --hash=sha256:11c423f1049c5755ad4409af52a9ada1cff96fe9b50795d4af3619f292901239 \
    --hash=sha256:179ce34a8d0fe273d8883ba59e17e052247d08973dfcb743ca52bb1cce2d60b0 \
    --hash=sha256:1bca3b943fc2567ea49cd02c99abde49da4d5178ec46f624bd8255cda8755beb \
    --hash=sha256:1d73131e358976663dd969e1fb4ed1404b815cd977eaaedc3b3a133ba2d81c35 \
    --hash=sha256:2a0b02f9fc46f8520330c23d45e6560db7e3a0d927232139427637f98943e11d \
    --hash=sha256:2d3ab0e8c69a17dd3559eab8cbb88f258e285c94d572c2719033f90f83290c89 \
    --hash=sha256:30f464bee641fa8e282577c7dce027308403213c6ca8270bba73285c91024bc5 \
    --hash=sha256:33a834464fdabc0f26a45508df31b3cc5d028e04dbf6c5ed398541418e0a12fe \
    --hash=sha256:3ab3523da44749156e1f68b464dc56af11ae4cbc5c739a49d05f32b982eca9f3 \
    --hash=sha256:3c085faa2cfa879c5141df483f836f4d691045a078224a670fa570fa01612d89 \
    --hash=sha256:457fd7a2a8edeb044ab6ffbc0aa03ff6cd18491356e5e0c834d76ce621b916d1 \
    --hash=sha256:49023963c193dacee096301452f223ee24d86ec5807f8df93c0f7221d119e305 \
    --hash=sha256:52c4b7422442aba924d03ad4019852b08a92e64ea187b933135687bfe2747307 \
    --hash=sha256:559ed65f60c1af5a03f3912605a1b5114f522c7c32fb23c3376ae8f03219fe28 \
    --hash=sha256:5632e3ae3d09197c446310cd5187de63e28448ce22f0f67b2b93d97503c0c230 \
    --hash=sha256:5e4d44984abc0020154ea81b247adeddcc3ac5527b975ff798bd1ba0adc513c2 \
    --hash=sha256:75b00eb8fb802090aa903f4ea1c7f5a584779f967361e68b7e98e531cc2d7174 \
    --hash=sha256:78a0d7c918e74a232394117160e7e3db503377572a45bcef8826e4ab8a35feba \
    --hash=sha256:78c0665edead396b1abb4897c41a5c1d9bf090c8a637a4c20a61678e0a264e66 \
    --hash=sha256:7bbf207c4453ce1ad2e00b17313852b33310b83090c2311bdaf97f93c0380d12 \
    --hash=sha256:7f4b8bc363b6d65ee2152bec57568e3c52639bb34c46057b09857a307ed5e21d \
    --hash=sha256:82f201b4c878551d48558337aab270d3c6cca5507b8737c8d8a608d234cccde0 \
    --hash=sha256:83de5453a7799afc9048b4616bd085cef126e36412f0ea2f6370c36a2a3a51e7 \
    --hash=sha256:88f0e784020649f88ea48c9f5ddfa403bf9205820667c0914740b392035afb82 \
    --hash=sha256:8bcf3c1ba5d6456e2effd30fcbd3459b044d683fcdac79a2e6830f0bdf7de487 \
    --hash=sha256:911de823097db8b63f034299d12662db93344e6ffa0b881cbb57748974b70168 \
    --hash=sha256:92c14f5bdbfb6216315ce33e78080474082de8b3830122ba97809bfbe65f75c0 \
    --hash=sha256:95298364e251be3e60249facbeeca03631d3bb7584f85879516ec55ac717b81f \
    --hash=sha256:9554bcc6d715ee87a633a3cc8e7703c6628b100dd29cb8a2efc4c0533c7ff729 \
    --hash=sha256:9f2897bf7737392ad0d5213ea7b6add72a4edf5679b3153106aeb88b6507b3b9 \
    --hash=sha256:a1d33a7836f7ddc1993427966a0823468ec41bcbdb1a9f9942d1d7e57f803ba3 \
    --hash=sha256:ac0333bdf38309aa3dcbe7e3fa7ea29e7a2c37c6ea306a757b700ded8e4596ad \
    --hash=sha256:bff0b729edd992766136b34e39cc76bc2fad905aa58897ee72a9cd000a6d8443 \
    --hash=sha256:c24acac1e18912761c4700239bbc1fd32f615af690f1584d49b35859be51324d \
    --hash=sha256:c35d74ce0e193ff740c2f2be2ac913ddc232fe6c1ff40b26cfecb9c670c63314 \
    --hash=sha256:c825cef2f49e46753726a7181a8e199804a912b29519ada542c6ebc654951899 \
    --hash=sha256:c9d18a33309122074ea483dd92dd444189166b8b2ec429fe9ed5ac73c7a0aa23 \
    --hash=sha256:cbf38d043c1aa4ab306e1ada6ab6eddacc3322a20b7af1b30bc93254b366fe09 \
    --hash=sha256:cd479fc04dd9401e3b4f49e76518768ef99c4f517a98c284eb091fd725719adf \
    --hash=sha256:ceb30a00ce7c92d459819443d29ca486d882b83fb6738bdcbb2a1cce94ac5daa \
    --hash=sha256:cfbf154f2ba187f2ed6cce2639efff7d105f1140573642c0161615b6d91d6a87 \
    --hash=sha256:d2924a03db38dc2e848bca2fe9f077dafb891480b91a00a0963a8cf86dfc31c1 \
    --hash=sha256:d416b16cccfd70fbf62400e84d0bb2f4e6af519a45557f1692c749b37f14b315 \
    --hash=sha256:d65d448389b8436493abcf629cc94ad0cf32aecaf06e1acca1de53cc795f2f12 \
    --hash=sha256:d84a09d0dad90ba6525d8ac1c2334b33e64bf3ccfe9e841f02feb867a22681e4 \
    --hash=sha256:ddef79fb382df40104a19bb7151b3b23e57c1778fcf857c71ceecd9bd264513f \
    --hash=sha256:e3b417bf8c2c7c16e8f58ad91db17783ec911ac16e7b50eb6eab6e809b4f5b07 \
    --hash=sha256:e402cf31eb68f453dbb2d36fc6d722b33f24a55d68b2ae1d92fa6305ca71c298 \
    --hash=sha256:e6fb6a55cc0ba97b59a1f288fb86dc6fce8bdfc0fffcbfd015e3a954bf2a2d93 \
    --hash=sha256:e708533e8b2ae2497d65346538a7dcc92814410b25b81432eac66de0f2af8265 \
    --hash=sha256:ea324d9dd34c38bfb9bec8ca4d1b407db97dbb74029f566b8e322b1b6fe56fe6 \
    --hash=sha256:eb0dfcf4e28a99c12c999744a2ff67c9b06200e20401c7c88186e33552a46331 \
    --hash=sha256:eda632a7981f69730d6281f451db9c1c370993a2c0d7ddb43e2a809a2862b83a \
    --hash=sha256:f29633129f9fa7e88a3f0fca835de2d030bfc9643f7799e1a0c46cee24d38fc7 \
    --hash=sha256:f55fa87b6c612ecd6b058f167c53231b1d14e412efe361d3d6e38b3631c73218 \
    --hash=sha256:fdaf5ea890a6183d0565f51a61799d67081bd5b1cf03c5f4b3fd3732108625c9
tokenizers==0.23.3 \
    --hash=sha256:114e2b55ed177179d59f4ab98200a4471e11e78f9e4b5a922d146740f96fcf52 \
    --hash=sha256:1554a6eed34d9d6a78d23360f4e06df8dffab1ae08c7e8488e0b3e3b36cc266f \
    --hash=sha256:1ebf28794e7e4954e20a7f70fbea410b2d1f0418f7dbbca97ca384fcfef38c25 \
    --hash=sha256:1f0823bb00c5fdc98e487354d54dd55a03848d61a1a0bf29a68c77f24f3b26c3 \
    --hash=sha256:2a89614730d7b80940a5d2ed9320e1ec8add5a745c6151d8d05071b7215505b6 \
    --hash=sha256:376851d22bcf9d650a5c3090bb83e6cf9e895fbf0595369fa4cd43c1f69b5f87 \
    --hash=sha256:5cc24bb457dd4a8af89c8fcb40074d570129ec473df2a866c276ee55db4749d7 \
    --hash=sha256:68649e97d5b43c44c031d8d848874a6eecae8f8fe40ea989aa777a5a83aca716 \
    --hash=sha256:7e48734d2de9260d86f03ab056d2cfeeff3869f61dbd49aaa15a2793b5f3458b \
    --hash=sha256:82eb480f6f1c21cea3349dec32cf1a6384c6c1e775f00f83b0d51197bc013687 \
    --hash=sha256:84513ef0aeb8bf8f4ea11a2e8a7ac163ec5288aa115e649a59b470ac5c3107df \
    --hash=sha256:9d2b5c97daf61688c2ad1803ca851800feaba50fb68d5821779e9ea5880d968c \
    --hash=sha256:a4fbb3662f9f59d199d61338e54b4bcc11d07ebbb1aeb3540dacb2be9c521cb7 \
    --hash=sha256:acd5c57b4bd3e56e246e2731a3a3a6825a7a7d89b7e3b761ba80bc521710f04b \
    --hash=sha256:bf501c40b72d2d5c8623620210430e9cac1ce47a46e45b34107b70a1557d46b0 \
    --hash=sha256:c64a0713180ff16829d4e7f39a658b77ea11443af4e1aa46523692943c9b1414 \
    --hash=sha256:cded33237c77caeef62944d32aa9a7ef42bdce2b3497e18d137e072a8c4be438 \
    --hash=sha256:d3407fb7b9c4d75dd68850ffd7180bc0a5d2dbaf0762d888e612f31fec3f9c6b \
    --hash=sha256:ddedfd4b3b4be6be24ff6ca645c4a37fddfd305f6f3e354c54cf10b715c48215 \
    --hash=sha256:de536665495cb4b409d25bade41963f801aff4225c19a6b804b048f7d14e34c7 \
    --hash=sha256:e05ab7baf7f47b406a95fea6f3b0a484b2ddcd9e1d14b68844c457eb755085a3 \
    --hash=sha256:e88646b8580c5ad7f4361477f1298e9cc01771a1ee9aecfe32c47b8ff614cc38 \
    --hash=sha256:ec82e80e65a862275b97c3d90b7a523df8d9519ee48aeb4e9625b2cc909274e0 \
    --hash=sha256:efa3d7318406b4d115dce61ad5061953f1f44b128e79c020ce4615d763e23b6e
transformers==4.57.6 \
    --hash=sha256:4c9e9de11333ddfe5114bc872c9f370509198acf0b87a832a0ab9458e2bd0550 \
    --hash=sha256:55e44126ece9dc0a291521b7e5492b572e6ef2766338a610b9ab5afbb70689d3
