# rcp-reference-lock: rcp-reference-lock/1
# family: zerank
# image: vllm/vllm-openai:v0.31.0
# image-freeze-sha256: e2453f9246cc73a264ca5f5d0360c33a7eb4b8eadffd03ba1c1e94bc965cdc01
# reference-in-sha256: eaad3b5f395688928c501a9dea3fa714a2a56f936739d5b775ebbde3faf721d1
# own-torch: false
# image-constraint: torch==2.13.0+cu130 (family floor: torch>=2.9)
#
# The pins below install into the family's reference venv with `pip install --no-deps --no-index --find-links <wheelhouse> -r <this file>`; the image's torch/CUDA stack is read through --system-site-packages and never replaced.
huggingface-hub==0.36.2 \
    --hash=sha256:1934304d2fb224f8afa3b87007d58501acfda9215b334eed53072dd5e815ff7a \
    --hash=sha256:48f0c8eac16145dfce371e9d2d7772854a4f591bcb56c9cf548accf531d54270
scipy==1.18.1 \
    --hash=sha256:011413b7426b75012840e35649e00fe0a2c3bae89fed433876e3a99251572efc \
    --hash=sha256:0ac49ea97594532dd44b7136094d35f5440fa06e6d9c6384a74c01764df388c5 \
    --hash=sha256:0e82073ecc7acc6436fac4b31674109c7e1d3e596789767eda01258a8c9e8123 \
    --hash=sha256:0fcb3c93519f27bb4f0c4b0f7802cdcaca7fcf93267b75edda2e9f4e8a55cbd7 \
    --hash=sha256:10ac20c69d880f77f375db44c22e3e6a644f9fefa291d4cd2fb9790a89fc99fd \
    --hash=sha256:11c423f1049c5755ad4409af52a9ada1cff96fe9b50795d4af3619f292901239 \
    --hash=sha256:179ce34a8d0fe273d8883ba59e17e052247d08973dfcb743ca52bb1cce2d60b0 \
    --hash=sha256:1bca3b943fc2567ea49cd02c99abde49da4d5178ec46f624bd8255cda8755beb \
    --hash=sha256:1d73131e358976663dd969e1fb4ed1404b815cd977eaaedc3b3a133ba2d81c35 \
    --hash=sha256:2a0b02f9fc46f8520330c23d45e6560db7e3a0d927232139427637f98943e11d \
    --hash=sha256:2d3ab0e8c69a17dd3559eab8cbb88f258e285c94d572c2719033f90f83290c89 \
    --hash=sha256:30f464bee641fa8e282577c7dce027308403213c6ca8270bba73285c91024bc5 \
    --hash=sha256:33a834464fdabc0f26a45508df31b3cc5d028e04dbf6c5ed398541418e0a12fe \
    --hash=sha256:3ab3523da44749156e1f68b464dc56af11ae4cbc5c739a49d05f32b982eca9f3 \
    --hash=sha256:3c085faa2cfa879c5141df483f836f4d691045a078224a670fa570fa01612d89 \
    --hash=sha256:457fd7a2a8edeb044ab6ffbc0aa03ff6cd18491356e5e0c834d76ce621b916d1 \
    --hash=sha256:49023963c193dacee096301452f223ee24d86ec5807f8df93c0f7221d119e305 \
    --hash=sha256:52c4b7422442aba924d03ad4019852b08a92e64ea187b933135687bfe2747307 \
    --hash=sha256:559ed65f60c1af5a03f3912605a1b5114f522c7c32fb23c3376ae8f03219fe28 \
    --hash=sha256:5632e3ae3d09197c446310cd5187de63e28448ce22f0f67b2b93d97503c0c230 \
    --hash=sha256:5e4d44984abc0020154ea81b247adeddcc3ac5527b975ff798bd1ba0adc513c2 \
    --hash=sha256:75b00eb8fb802090aa903f4ea1c7f5a584779f967361e68b7e98e531cc2d7174 \
    --hash=sha256:78a0d7c918e74a232394117160e7e3db503377572a45bcef8826e4ab8a35feba \
    --hash=sha256:78c0665edead396b1abb4897c41a5c1d9bf090c8a637a4c20a61678e0a264e66 \
    --hash=sha256:7bbf207c4453ce1ad2e00b17313852b33310b83090c2311bdaf97f93c0380d12 \
    --hash=sha256:7f4b8bc363b6d65ee2152bec57568e3c52639bb34c46057b09857a307ed5e21d \
    --hash=sha256:82f201b4c878551d48558337aab270d3c6cca5507b8737c8d8a608d234cccde0 \
    --hash=sha256:83de5453a7799afc9048b4616bd085cef126e36412f0ea2f6370c36a2a3a51e7 \
    --hash=sha256:88f0e784020649f88ea48c9f5ddfa403bf9205820667c0914740b392035afb82 \
    --hash=sha256:8bcf3c1ba5d6456e2effd30fcbd3459b044d683fcdac79a2e6830f0bdf7de487 \
    --hash=sha256:911de823097db8b63f034299d12662db93344e6ffa0b881cbb57748974b70168 \
    --hash=sha256:92c14f5bdbfb6216315ce33e78080474082de8b3830122ba97809bfbe65f75c0 \
    --hash=sha256:95298364e251be3e60249facbeeca03631d3bb7584f85879516ec55ac717b81f \
    --hash=sha256:9554bcc6d715ee87a633a3cc8e7703c6628b100dd29cb8a2efc4c0533c7ff729 \
    --hash=sha256:9f2897bf7737392ad0d5213ea7b6add72a4edf5679b3153106aeb88b6507b3b9 \
    --hash=sha256:a1d33a7836f7ddc1993427966a0823468ec41bcbdb1a9f9942d1d7e57f803ba3 \
    --hash=sha256:ac0333bdf38309aa3dcbe7e3fa7ea29e7a2c37c6ea306a757b700ded8e4596ad \
    --hash=sha256:bff0b729edd992766136b34e39cc76bc2fad905aa58897ee72a9cd000a6d8443 \
    --hash=sha256:c24acac1e18912761c4700239bbc1fd32f615af690f1584d49b35859be51324d \
    --hash=sha256:c35d74ce0e193ff740c2f2be2ac913ddc232fe6c1ff40b26cfecb9c670c63314 \
    --hash=sha256:c825cef2f49e46753726a7181a8e199804a912b29519ada542c6ebc654951899 \
    --hash=sha256:c9d18a33309122074ea483dd92dd444189166b8b2ec429fe9ed5ac73c7a0aa23 \
    --hash=sha256:cbf38d043c1aa4ab306e1ada6ab6eddacc3322a20b7af1b30bc93254b366fe09 \
    --hash=sha256:cd479fc04dd9401e3b4f49e76518768ef99c4f517a98c284eb091fd725719adf \
    --hash=sha256:ceb30a00ce7c92d459819443d29ca486d882b83fb6738bdcbb2a1cce94ac5daa \
    --hash=sha256:cfbf154f2ba187f2ed6cce2639efff7d105f1140573642c0161615b6d91d6a87 \
    --hash=sha256:d2924a03db38dc2e848bca2fe9f077dafb891480b91a00a0963a8cf86dfc31c1 \
    --hash=sha256:d416b16cccfd70fbf62400e84d0bb2f4e6af519a45557f1692c749b37f14b315 \
    --hash=sha256:d65d448389b8436493abcf629cc94ad0cf32aecaf06e1acca1de53cc795f2f12 \
    --hash=sha256:d84a09d0dad90ba6525d8ac1c2334b33e64bf3ccfe9e841f02feb867a22681e4 \
    --hash=sha256:ddef79fb382df40104a19bb7151b3b23e57c1778fcf857c71ceecd9bd264513f \
    --hash=sha256:e3b417bf8c2c7c16e8f58ad91db17783ec911ac16e7b50eb6eab6e809b4f5b07 \
    --hash=sha256:e402cf31eb68f453dbb2d36fc6d722b33f24a55d68b2ae1d92fa6305ca71c298 \
    --hash=sha256:e6fb6a55cc0ba97b59a1f288fb86dc6fce8bdfc0fffcbfd015e3a954bf2a2d93 \
    --hash=sha256:e708533e8b2ae2497d65346538a7dcc92814410b25b81432eac66de0f2af8265 \
    --hash=sha256:ea324d9dd34c38bfb9bec8ca4d1b407db97dbb74029f566b8e322b1b6fe56fe6 \
    --hash=sha256:eb0dfcf4e28a99c12c999744a2ff67c9b06200e20401c7c88186e33552a46331 \
    --hash=sha256:eda632a7981f69730d6281f451db9c1c370993a2c0d7ddb43e2a809a2862b83a \
    --hash=sha256:f29633129f9fa7e88a3f0fca835de2d030bfc9643f7799e1a0c46cee24d38fc7 \
    --hash=sha256:f55fa87b6c612ecd6b058f167c53231b1d14e412efe361d3d6e38b3631c73218 \
    --hash=sha256:fdaf5ea890a6183d0565f51a61799d67081bd5b1cf03c5f4b3fd3732108625c9
tokenizers==0.22.2 \
    --hash=sha256:143b999bdc46d10febb15cbffb4207ddd1f410e2c755857b5a0797961bbdc113 \
    --hash=sha256:1a62ba2c5faa2dd175aaeed7b15abf18d20266189fb3406c5d0550dd34dd5f37 \
    --hash=sha256:1c774b1276f71e1ef716e5486f21e76333464f47bece56bbd554485982a9e03e \
    --hash=sha256:1e418a55456beedca4621dbab65a318981467a2b188e982a23e117f115ce5001 \
    --hash=sha256:1e50f8554d504f617d9e9d6e4c2c2884a12b388a97c5c77f0bc6cf4cd032feee \
    --hash=sha256:2249487018adec45d6e3554c71d46eb39fa8ea67156c640f7513eb26f318cec7 \
    --hash=sha256:25b85325d0815e86e0bac263506dd114578953b7b53d7de09a6485e4a160a7dd \
    --hash=sha256:29c30b83d8dcd061078b05ae0cb94d3c710555fbb44861139f9f83dcca3dc3e4 \
    --hash=sha256:319f659ee992222f04e58f84cbf407cfa66a65fe3a8de44e8ad2bc53e7d99012 \
    --hash=sha256:369cc9fc8cc10cb24143873a0d95438bb8ee257bb80c71989e3ee290e8d72c67 \
    --hash=sha256:37ae80a28c1d3265bb1f22464c856bd23c02a05bb211e56d0c5301a435be6c1a \
    --hash=sha256:38337540fbbddff8e999d59970f3c6f35a82de10053206a7562f1ea02d046fa5 \
    --hash=sha256:473b83b915e547aa366d1eee11806deaf419e17be16310ac0a14077f1e28f917 \
    --hash=sha256:544dd704ae7238755d790de45ba8da072e9af3eea688f698b137915ae959281c \
    --hash=sha256:64d94e84f6660764e64e7e0b22baa72f6cd942279fdbb21d46abd70d179f0195 \
    --hash=sha256:753d47ebd4542742ef9261d9da92cd545b2cacbb48349a1225466745bb866ec4 \
    --hash=sha256:791135ee325f2336f498590eb2f11dc5c295232f288e75c99a36c5dbce63088a \
    --hash=sha256:9ce725d22864a1e965217204946f830c37876eee3b2ba6fc6255e8e903d5fcbc \
    --hash=sha256:a6bf3f88c554a2b653af81f3204491c818ae2ac6fbc09e76ef4773351292bc92 \
    --hash=sha256:bfb88f22a209ff7b40a576d5324bf8286b519d7358663db21d6246fb17eea2d5 \
    --hash=sha256:c9ea31edff2968b44a88f97d784c2f16dc0729b8b143ed004699ebca91f05c48 \
    --hash=sha256:df6c4265b289083bf710dff49bc51ef252f9d5be33a45ee2bed151114a56207b \
    --hash=sha256:e10bf9113d209be7cd046d40fbabbaf3278ff6d18eb4da4c500443185dc1896c \
    --hash=sha256:f01a9c019878532f98927d2bacb79bbb404b43d3437455522a00a30718cdedb5
transformers==4.57.6 \
    --hash=sha256:4c9e9de11333ddfe5114bc872c9f370509198acf0b87a832a0ab9458e2bd0550 \
    --hash=sha256:55e44126ece9dc0a291521b7e5492b572e6ef2766338a610b9ab5afbb70689d3
